
Microsoft Visual Studio Solution File, Format Version 12.00
# Visual Studio 15
VisualStudioVersion = 15.0.28307.757
MinimumVisualStudioVersion = 10.0.40219.1
Project("{FAE04EC0-301F-11D3-BF4B-00C04F79EFBC}") = "Exercise2_GitBasics", "Exercise1_Calculator\Exercise2_GitBasics.csproj", "{7C462ACB-B85A-4568-A6A9-2057AAAC115E}"
EndProject
Project("{FAE04EC0-301F-11D3-BF4B-00C04F79EFBC}") = "NUnitTestCalculator", "NUnitTestCalculator\NUnitTestCalculator.csproj", "{D5486A45-D0CC-4C14-BF4E-9399F7F48F45}"
EndProject
Global
	GlobalSection(SolutionConfigurationPlatforms) = preSolution
		Debug|Any CPU = Debug|Any CPU
		Release|Any CPU = Release|Any CPU
	EndGlobalSection
	GlobalSection(ProjectConfigurationPlatforms) = postSolution
		{7C462ACB-B85A-4568-A6A9-2057AAAC115E}.Debug|Any CPU.ActiveCfg = Debug|Any CPU
		{7C462ACB-B85A-4568-A6A9-2057AAAC115E}.Debug|Any CPU.Build.0 = Debug|Any CPU
		{7C462ACB-B85A-4568-A6A9-2057AAAC115E}.Release|Any CPU.ActiveCfg = Release|Any CPU
		{7C462ACB-B85A-4568-A6A9-2057AAAC115E}.Release|Any CPU.Build.0 = Release|Any CPU
		{D5486A45-D0CC-4C14-BF4E-9399F7F48F45}.Debug|Any CPU.ActiveCfg = Debug|Any CPU
		{D5486A45-D0CC-4C14-BF4E-9399F7F48F45}.Debug|Any CPU.Build.0 = Debug|Any CPU
		{D5486A45-D0CC-4C14-BF4E-9399F7F48F45}.Release|Any CPU.ActiveCfg = Release|Any CPU
		{D5486A45-D0CC-4C14-BF4E-9399F7F48F45}.Release|Any CPU.Build.0 = Release|Any CPU
	EndGlobalSection
	GlobalSection(SolutionProperties) = preSolution
		HideSolutionNode = FALSE
	EndGlobalSection
	GlobalSection(ExtensibilityGlobals) = postSolution
		SolutionGuid = {FFE4656E-8D97-4DAE-8BFC-A3E7207F2409}
	EndGlobalSection
EndGlobal
